// !$*UTF8*$!
{
	archiveVersion = 1;
	classes = {
	};
	objectVersion = 46;
	objects = {

/* Begin PBXBuildFile section */
		D6F48CEF16A198DC007A7CCA /* UIKit.framework in Frameworks */ = {isa = PBXBuildFile; fileRef = D6F48CEE16A198DC007A7CCA /* UIKit.framework */; };
		D6F48CF116A198DC007A7CCA /* Foundation.framework in Frameworks */ = {isa = PBXBuildFile; fileRef = D6F48CF016A198DC007A7CCA /* Foundation.framework */; };
		D6F48CF316A198DC007A7CCA /* CoreGraphics.framework in Frameworks */ = {isa = PBXBuildFile; fileRef = D6F48CF216A198DC007A7CCA /* CoreGraphics.framework */; };
		D6F48CF916A198DC007A7CCA /* InfoPlist.strings in Resources */ = {isa = PBXBuildFile; fileRef = D6F48CF716A198DC007A7CCA /* InfoPlist.strings */; };
		D6F48CFB16A198DC007A7CCA /* main.m in Sources */ = {isa = PBXBuildFile; fileRef = D6F48CFA16A198DC007A7CCA /* main.m */; };
		D6F48CFF16A198DC007A7CCA /* AppDelegate.m in Sources */ = {isa = PBXBuildFile; fileRef = D6F48CFE16A198DC007A7CCA /* AppDelegate.m */; };
		D6F48D0116A198DC007A7CCA /* Default.png in Resources */ = {isa = PBXBuildFile; fileRef = D6F48D0016A198DC007A7CCA /* Default.png */; };
		D6F48D0316A198DC007A7CCA /* Default@2x.png in Resources */ = {isa = PBXBuildFile; fileRef = D6F48D0216A198DC007A7CCA /* Default@2x.png */; };
		D6F48D0516A198DC007A7CCA /* Default-568h@2x.png in Resources */ = {isa = PBXBuildFile; fileRef = D6F48D0416A198DC007A7CCA /* Default-568h@2x.png */; };
		D6F48D0816A198DC007A7CCA /* ViewController.m in Sources */ = {isa = PBXBuildFile; fileRef = D6F48D0716A198DC007A7CCA /* ViewController.m */; };
		D6F48D0B16A198DC007A7CCA /* ViewController.xib in Resources */ = {isa = PBXBuildFile; fileRef = D6F48D0916A198DC007A7CCA /* ViewController.xib */; };
/* End PBXBuildFile section */

/* Begin PBXFileReference section */
		D6F48CEA16A198DC007A7CCA /* iOSNewsTicker.app */ = {isa = PBXFileReference; explicitFileType = wrapper.application; includeInIndex = 0; path = iOSNewsTicker.app; sourceTree = BUILT_PRODUCTS_DIR; };
		D6F48CEE16A198DC007A7CCA /* UIKit.framework */ = {isa = PBXFileReference; lastKnownFileType = wrapper.framework; name = UIKit.framework; path = System/Library/Frameworks/UIKit.framework; sourceTree = SDKROOT; };
		D6F48CF016A198DC007A7CCA /* Foundation.framework */ = {isa = PBXFileReference; lastKnownFileType = wrapper.framework; name = Foundation.framework; path = System/Library/Frameworks/Foundation.framework; sourceTree = SDKROOT; };
		D6F48CF216A198DC007A7CCA /* CoreGraphics.framework */ = {isa = PBXFileReference; lastKnownFileType = wrapper.framework; name = CoreGraphics.framework; path = System/Library/Frameworks/CoreGraphics.framework; sourceTree = SDKROOT; };
		D6F48CF616A198DC007A7CCA /* iOSNewsTicker-Info.plist */ = {isa = PBXFileReference; lastKnownFileType = text.plist.xml; path = "iOSNewsTicker-Info.plist"; sourceTree = "<group>"; };
		D6F48CF816A198DC007A7CCA /* en */ = {isa = PBXFileReference; lastKnownFileType = text.plist.strings; name = en; path = en.lproj/InfoPlist.strings; sourceTree = "<group>"; };
		D6F48CFA16A198DC007A7CCA /* main.m */ = {isa = PBXFileReference; lastKnownFileType = sourcecode.c.objc; path = main.m; sourceTree = "<group>"; };
		D6F48CFC16A198DC007A7CCA /* iOSNewsTicker-Prefix.pch */ = {isa = PBXFileReference; lastKnownFileType = sourcecode.c.h; path = "iOSNewsTicker-Prefix.pch"; sourceTree = "<group>"; };
		D6F48CFD16A198DC007A7CCA /* AppDelegate.h */ = {isa = PBXFileReference; lastKnownFileType = sourcecode.c.h; path = AppDelegate.h; sourceTree = "<group>"; };
		D6F48CFE16A198DC007A7CCA /* AppDelegate.m */ = {isa = PBXFileReference; lastKnownFileType = sourcecode.c.objc; path = AppDelegate.m; sourceTree = "<group>"; };
		D6F48D0016A198DC007A7CCA /* Default.png */ = {isa = PBXFileReference; lastKnownFileType = image.png; path = Default.png; sourceTree = "<group>"; };
		D6F48D0216A198DC007A7CCA /* Default@2x.png */ = {isa = PBXFileReference; lastKnownFileType = image.png; path = "Default@2x.png"; sourceTree = "<group>"; };
		D6F48D0416A198DC007A7CCA /* Default-568h@2x.png */ = {isa = PBXFileReference; lastKnownFileType = image.png; path = "Default-568h@2x.png"; sourceTree = "<group>"; };
		D6F48D0616A198DC007A7CCA /* ViewController.h */ = {isa = PBXFileReference; lastKnownFileType = sourcecode.c.h; path = ViewController.h; sourceTree = "<group>"; };
		D6F48D0716A198DC007A7CCA /* ViewController.m */ = {isa = PBXFileReference; lastKnownFileType = sourcecode.c.objc; path = ViewController.m; sourceTree = "<group>"; };
		D6F48D0A16A198DC007A7CCA /* en */ = {isa = PBXFileReference; lastKnownFileType = file.xib; name = en; path = en.lproj/ViewController.xib; sourceTree = "<group>"; };
/* End PBXFileReference section */

/* Begin PBXFrameworksBuildPhase section */
		D6F48CE716A198DB007A7CCA /* Frameworks */ = {
			isa = PBXFrameworksBuildPhase;
			buildActionMask = 2147483647;
			files = (
				D6F48CEF16A198DC007A7CCA /* UIKit.framework in Frameworks */,
				D6F48CF116A198DC007A7CCA /* Foundation.framework in Frameworks */,
				D6F48CF316A198DC007A7CCA /* CoreGraphics.framework in Frameworks */,
			);
			runOnlyForDeploymentPostprocessing = 0;
		};
/* End PBXFrameworksBuildPhase section */

/* Begin PBXGroup section */
		D6F48CDF16A198DB007A7CCA = {
			isa = PBXGroup;
			children = (
				D6F48CF416A198DC007A7CCA /* iOSNewsTicker */,
				D6F48CED16A198DC007A7CCA /* Frameworks */,
				D6F48CEB16A198DC007A7CCA /* Products */,
			);
			sourceTree = "<group>";
		};
		D6F48CEB16A198DC007A7CCA /* Products */ = {
			isa = PBXGroup;
			children = (
				D6F48CEA16A198DC007A7CCA /* iOSNewsTicker.app */,
			);
			name = Products;
			sourceTree = "<group>";
		};
		D6F48CED16A198DC007A7CCA /* Frameworks */ = {
			isa = PBXGroup;
			children = (
				D6F48CEE16A198DC007A7CCA /* UIKit.framework */,
				D6F48CF016A198DC007A7CCA /* Foundation.framework */,
				D6F48CF216A198DC007A7CCA /* CoreGraphics.framework */,
			);
			name = Frameworks;
			sourceTree = "<group>";
		};
		D6F48CF416A198DC007A7CCA /* iOSNewsTicker */ = {
			isa = PBXGroup;
			children = (
				D6F48CFD16A198DC007A7CCA /* AppDelegate.h */,
				D6F48CFE16A198DC007A7CCA /* AppDelegate.m */,
				D6F48D0616A198DC007A7CCA /* ViewController.h */,
				D6F48D0716A198DC007A7CCA /* ViewController.m */,
				D6F48D0916A198DC007A7CCA /* ViewController.xib */,
				D6F48CF516A198DC007A7CCA /* Supporting Files */,
			);
			path = iOSNewsTicker;
			sourceTree = "<group>";
		};
		D6F48CF516A198DC007A7CCA /* Supporting Files */ = {
			isa = PBXGroup;
			children = (
				D6F48CF616A198DC007A7CCA /* iOSNewsTicker-Info.plist */,
				D6F48CF716A198DC007A7CCA /* InfoPlist.strings */,
				D6F48CFA16A198DC007A7CCA /* main.m */,
				D6F48CFC16A198DC007A7CCA /* iOSNewsTicker-Prefix.pch */,
				D6F48D0016A198DC007A7CCA /* Default.png */,
				D6F48D0216A198DC007A7CCA /* Default@2x.png */,
				D6F48D0416A198DC007A7CCA /* Default-568h@2x.png */,
			);
			name = "Supporting Files";
			sourceTree = "<group>";
		};
/* End PBXGroup section */

/* Begin PBXNativeTarget section */
		D6F48CE916A198DB007A7CCA /* iOSNewsTicker */ = {
			isa = PBXNativeTarget;
			buildConfigurationList = D6F48D0E16A198DC007A7CCA /* Build configuration list for PBXNativeTarget "iOSNewsTicker" */;
			buildPhases = (
				D6F48CE616A198DB007A7CCA /* Sources */,
				D6F48CE716A198DB007A7CCA /* Frameworks */,
				D6F48CE816A198DB007A7CCA /* Resources */,
			);
			buildRules = (
			);
			dependencies = (
			);
			name = iOSNewsTicker;
			productName = iOSNewsTicker;
			productReference = D6F48CEA16A198DC007A7CCA /* iOSNewsTicker.app */;
			productType = "com.apple.product-type.application";
		};
/* End PBXNativeTarget section */

/* Begin PBXProject section */
		D6F48CE116A198DB007A7CCA /* Project object */ = {
			isa = PBXProject;
			attributes = {
				LastUpgradeCheck = 0450;
				ORGANIZATIONNAME = "Irfan DANISH";
			};
			buildConfigurationList = D6F48CE416A198DB007A7CCA /* Build configuration list for PBXProject "iOSNewsTicker" */;
			compatibilityVersion = "Xcode 3.2";
			developmentRegion = English;
			hasScannedForEncodings = 0;
			knownRegions = (
				en,
			);
			mainGroup = D6F48CDF16A198DB007A7CCA;
			productRefGroup = D6F48CEB16A198DC007A7CCA /* Products */;
			projectDirPath = "";
			projectRoot = "";
			targets = (
				D6F48CE916A198DB007A7CCA /* iOSNewsTicker */,
			);
		};
/* End PBXProject section */

/* Begin PBXResourcesBuildPhase section */
		D6F48CE816A198DB007A7CCA /* Resources */ = {
			isa = PBXResourcesBuildPhase;
			buildActionMask = 2147483647;
			files = (
				D6F48CF916A198DC007A7CCA /* InfoPlist.strings in Resources */,
				D6F48D0116A198DC007A7CCA /* Default.png in Resources */,
				D6F48D0316A198DC007A7CCA /* Default@2x.png in Resources */,
				D6F48D0516A198DC007A7CCA /* Default-568h@2x.png in Resources */,
				D6F48D0B16A198DC007A7CCA /* ViewController.xib in Resources */,
			);
			runOnlyForDeploymentPostprocessing = 0;
		};
/* End PBXResourcesBuildPhase section */

/* Begin PBXSourcesBuildPhase section */
		D6F48CE616A198DB007A7CCA /* Sources */ = {
			isa = PBXSourcesBuildPhase;
			buildActionMask = 2147483647;
			files = (
				D6F48CFB16A198DC007A7CCA /* main.m in Sources */,
				D6F48CFF16A198DC007A7CCA /* AppDelegate.m in Sources */,
				D6F48D0816A198DC007A7CCA /* ViewController.m in Sources */,
			);
			runOnlyForDeploymentPostprocessing = 0;
		};
/* End PBXSourcesBuildPhase section */

/* Begin PBXVariantGroup section */
		D6F48CF716A198DC007A7CCA /* InfoPlist.strings */ = {
			isa = PBXVariantGroup;
			children = (
				D6F48CF816A198DC007A7CCA /* en */,
			);
			name = InfoPlist.strings;
			sourceTree = "<group>";
		};
		D6F48D0916A198DC007A7CCA /* ViewController.xib */ = {
			isa = PBXVariantGroup;
			children = (
				D6F48D0A16A198DC007A7CCA /* en */,
			);
			name = ViewController.xib;
			sourceTree = "<group>";
		};
/* End PBXVariantGroup section */

/* Begin XCBuildConfiguration section */
		D6F48D0C16A198DC007A7CCA /* Debug */ = {
			isa = XCBuildConfiguration;
			buildSettings = {
				ALWAYS_SEARCH_USER_PATHS = NO;
				CLANG_CXX_LANGUAGE_STANDARD = "gnu++0x";
				CLANG_CXX_LIBRARY = "libc++";
				CLANG_WARN_EMPTY_BODY = YES;
				CLANG_WARN__DUPLICATE_METHOD_MATCH = YES;
				"CODE_SIGN_IDENTITY[sdk=iphoneos*]" = "iPhone Developer";
				COPY_PHASE_STRIP = NO;
				GCC_C_LANGUAGE_STANDARD = gnu99;
				GCC_DYNAMIC_NO_PIC = NO;
				GCC_OPTIMIZATION_LEVEL = 0;
				GCC_PREPROCESSOR_DEFINITIONS = (
					"DEBUG=1",
					"$(inherited)",
				);
				GCC_SYMBOLS_PRIVATE_EXTERN = NO;
				GCC_WARN_ABOUT_RETURN_TYPE = YES;
				GCC_WARN_UNINITIALIZED_AUTOS = YES;
				GCC_WARN_UNUSED_VARIABLE = YES;
				IPHONEOS_DEPLOYMENT_TARGET = 6.0;
				ONLY_ACTIVE_ARCH = YES;
				SDKROOT = iphoneos;
			};
			name = Debug;
		};
		D6F48D0D16A198DC007A7CCA /* Release */ = {
			isa = XCBuildConfiguration;
			buildSettings = {
				ALWAYS_SEARCH_USER_PATHS = NO;
				CLANG_CXX_LANGUAGE_STANDARD = "gnu++0x";
				CLANG_CXX_LIBRARY = "libc++";
				CLANG_WARN_EMPTY_BODY = YES;
				CLANG_WARN__DUPLICATE_METHOD_MATCH = YES;
				"CODE_SIGN_IDENTITY[sdk=iphoneos*]" = "iPhone Developer";
				COPY_PHASE_STRIP = YES;
				GCC_C_LANGUAGE_STANDARD = gnu99;
				GCC_WARN_ABOUT_RETURN_TYPE = YES;
				GCC_WARN_UNINITIALIZED_AUTOS = YES;
				GCC_WARN_UNUSED_VARIABLE = YES;
				IPHONEOS_DEPLOYMENT_TARGET = 6.0;
				OTHER_CFLAGS = "-DNS_BLOCK_ASSERTIONS=1";
				SDKROOT = iphoneos;
				VALIDATE_PRODUCT = YES;
			};
			name = Release;
		};
		D6F48D0F16A198DC007A7CCA /* Debug */ = {
			isa = XCBuildConfiguration;
			buildSettings = {
				GCC_PRECOMPILE_PREFIX_HEADER = YES;
				GCC_PREFIX_HEADER = "iOSNewsTicker/iOSNewsTicker-Prefix.pch";
				INFOPLIST_FILE = "iOSNewsTicker/iOSNewsTicker-Info.plist";
				PRODUCT_NAME = "$(TARGET_NAME)";
				WRAPPER_EXTENSION = app;
			};
			name = Debug;
		};
		D6F48D1016A198DC007A7CCA /* Release */ = {
			isa = XCBuildConfiguration;
			buildSettings = {
				GCC_PRECOMPILE_PREFIX_HEADER = YES;
				GCC_PREFIX_HEADER = "iOSNewsTicker/iOSNewsTicker-Prefix.pch";
				INFOPLIST_FILE = "iOSNewsTicker/iOSNewsTicker-Info.plist";
				PRODUCT_NAME = "$(TARGET_NAME)";
				WRAPPER_EXTENSION = app;
			};
			name = Release;
		};
/* End XCBuildConfiguration section */

/* Begin XCConfigurationList section */
		D6F48CE416A198DB007A7CCA /* Build configuration list for PBXProject "iOSNewsTicker" */ = {
			isa = XCConfigurationList;
			buildConfigurations = (
				D6F48D0C16A198DC007A7CCA /* Debug */,
				D6F48D0D16A198DC007A7CCA /* Release */,
			);
			defaultConfigurationIsVisible = 0;
			defaultConfigurationName = Release;
		};
		D6F48D0E16A198DC007A7CCA /* Build configuration list for PBXNativeTarget "iOSNewsTicker" */ = {
			isa = XCConfigurationList;
			buildConfigurations = (
				D6F48D0F16A198DC007A7CCA /* Debug */,
				D6F48D1016A198DC007A7CCA /* Release */,
			);
			defaultConfigurationIsVisible = 0;
		};
/* End XCConfigurationList section */
	};
	rootObject = D6F48CE116A198DB007A7CCA /* Project object */;
}
